
Microsoft Visual Studio Solution File, Format Version 10.00
# Visual Studio 2008
Project("{FAE04EC0-301F-11D3-BF4B-00C04F79EFBC}") = "Shortestpath", "Shortestpath\Shortestpath.csproj", "{1921F204-4167-49E4-90A8-CA64629AFFBA}"
EndProject
Global
	GlobalSection(SolutionConfigurationPlatforms) = preSolution
		Debug|Any CPU = Debug|Any CPU
		Release|Any CPU = Release|Any CPU
	EndGlobalSection
	GlobalSection(ProjectConfigurationPlatforms) = postSolution
		{1921F204-4167-49E4-90A8-CA64629AFFBA}.Debug|Any CPU.ActiveCfg = Debug|Any CPU
		{1921F204-4167-49E4-90A8-CA64629AFFBA}.Debug|Any CPU.Build.0 = Debug|Any CPU
		{1921F204-4167-49E4-90A8-CA64629AFFBA}.Release|Any CPU.ActiveCfg = Release|Any CPU
		{1921F204-4167-49E4-90A8-CA64629AFFBA}.Release|Any CPU.Build.0 = Release|Any CPU
	EndGlobalSection
	GlobalSection(SolutionProperties) = preSolution
		HideSolutionNode = FALSE
	EndGlobalSection
EndGlobal
